
Microsoft Visual Studio Solution File, Format Version 12.00
# Visual Studio Version 16
VisualStudioVersion = 16.0.30204.135
MinimumVisualStudioVersion = 10.0.40219.1
Project("{E24C65DC-7377-472B-9ABA-BC803B73C61A}") = "VBGmapsGADM", ".", "{36C4E9F8-9CEF-4A1F-80A4-B41F722B3389}"
	ProjectSection(WebsiteProperties) = preProject
		TargetFrameworkMoniker = ".NETFramework,Version%3Dv4.7.2"
		Debug.AspNetCompiler.VirtualPath = "/localhost_50239"
		Debug.AspNetCompiler.PhysicalPath = "..\VBGmapsGADM\"
		Debug.AspNetCompiler.TargetPath = "PrecompiledWeb\localhost_50239\"
		Debug.AspNetCompiler.Updateable = "true"
		Debug.AspNetCompiler.ForceOverwrite = "true"
		Debug.AspNetCompiler.FixedNames = "false"
		Debug.AspNetCompiler.Debug = "True"
		Release.AspNetCompiler.VirtualPath = "/localhost_50239"
		Release.AspNetCompiler.PhysicalPath = "..\VBGmapsGADM\"
		Release.AspNetCompiler.TargetPath = "PrecompiledWeb\localhost_50239\"
		Release.AspNetCompiler.Updateable = "true"
		Release.AspNetCompiler.ForceOverwrite = "true"
		Release.AspNetCompiler.FixedNames = "false"
		Release.AspNetCompiler.Debug = "False"
		VWDPort = "50239"
		SlnRelativePath = "..\VBGmapsGADM\"
		DefaultWebSiteLanguage = "Visual Basic"
	EndProjectSection
EndProject
Global
	GlobalSection(SolutionConfigurationPlatforms) = preSolution
		Debug|Any CPU = Debug|Any CPU
	EndGlobalSection
	GlobalSection(ProjectConfigurationPlatforms) = postSolution
		{36C4E9F8-9CEF-4A1F-80A4-B41F722B3389}.Debug|Any CPU.ActiveCfg = Debug|Any CPU
		{36C4E9F8-9CEF-4A1F-80A4-B41F722B3389}.Debug|Any CPU.Build.0 = Debug|Any CPU
	EndGlobalSection
	GlobalSection(SolutionProperties) = preSolution
		HideSolutionNode = FALSE
	EndGlobalSection
	GlobalSection(ExtensibilityGlobals) = postSolution
		SolutionGuid = {14A0AF45-FCF5-47FD-AA99-D43E08A205F1}
	EndGlobalSection
EndGlobal
